
Microsoft Visual Studio Solution File, Format Version 12.00
# Visual Studio Version 17
VisualStudioVersion = 17.11.35303.130
MinimumVisualStudioVersion = 10.0.40219.1
Project("{8BC9CEB8-8B4A-11D0-8D11-00A0C91BC942}") = "shag 25.11 oop copy", "shag 25.11 oop copy.vcxproj", "{40F85F5E-4FC7-4288-A67E-AD03F8A9B000}"
EndProject
Global
	GlobalSection(SolutionConfigurationPlatforms) = preSolution
		Debug|x64 = Debug|x64
		Debug|x86 = Debug|x86
		Release|x64 = Release|x64
		Release|x86 = Release|x86
	EndGlobalSection
	GlobalSection(ProjectConfigurationPlatforms) = postSolution
		{40F85F5E-4FC7-4288-A67E-AD03F8A9B000}.Debug|x64.ActiveCfg = Debug|x64
		{40F85F5E-4FC7-4288-A67E-AD03F8A9B000}.Debug|x64.Build.0 = Debug|x64
		{40F85F5E-4FC7-4288-A67E-AD03F8A9B000}.Debug|x86.ActiveCfg = Debug|Win32
		{40F85F5E-4FC7-4288-A67E-AD03F8A9B000}.Debug|x86.Build.0 = Debug|Win32
		{40F85F5E-4FC7-4288-A67E-AD03F8A9B000}.Release|x64.ActiveCfg = Release|x64
		{40F85F5E-4FC7-4288-A67E-AD03F8A9B000}.Release|x64.Build.0 = Release|x64
		{40F85F5E-4FC7-4288-A67E-AD03F8A9B000}.Release|x86.ActiveCfg = Release|Win32
		{40F85F5E-4FC7-4288-A67E-AD03F8A9B000}.Release|x86.Build.0 = Release|Win32
	EndGlobalSection
	GlobalSection(SolutionProperties) = preSolution
		HideSolutionNode = FALSE
	EndGlobalSection
	GlobalSection(ExtensibilityGlobals) = postSolution
		SolutionGuid = {E86614A2-1019-429F-99F1-03EA9CDA105F}
	EndGlobalSection
EndGlobal
